
Microsoft Visual Studio Solution File, Format Version 12.00
# Visual Studio Version 17
VisualStudioVersion = 17.3.32819.101
MinimumVisualStudioVersion = 10.0.40219.1
Project("{FAE04EC0-301F-11D3-BF4B-00C04F79EFBC}") = "EnriquezFuzzyLogic", "EnriquezFuzzyLogic\EnriquezFuzzyLogic.csproj", "{FBDDC75D-F55F-4954-99C5-A4AC3B0221B4}"
EndProject
Global
	GlobalSection(SolutionConfigurationPlatforms) = preSolution
		Debug|Any CPU = Debug|Any CPU
		Release|Any CPU = Release|Any CPU
	EndGlobalSection
	GlobalSection(ProjectConfigurationPlatforms) = postSolution
		{FBDDC75D-F55F-4954-99C5-A4AC3B0221B4}.Debug|Any CPU.ActiveCfg = Debug|Any CPU
		{FBDDC75D-F55F-4954-99C5-A4AC3B0221B4}.Debug|Any CPU.Build.0 = Debug|Any CPU
		{FBDDC75D-F55F-4954-99C5-A4AC3B0221B4}.Release|Any CPU.ActiveCfg = Release|Any CPU
		{FBDDC75D-F55F-4954-99C5-A4AC3B0221B4}.Release|Any CPU.Build.0 = Release|Any CPU
	EndGlobalSection
	GlobalSection(SolutionProperties) = preSolution
		HideSolutionNode = FALSE
	EndGlobalSection
	GlobalSection(ExtensibilityGlobals) = postSolution
		SolutionGuid = {66C870FA-7E56-4575-9B1C-77F0222F9A20}
	EndGlobalSection
EndGlobal
